
Microsoft Visual Studio Solution File, Format Version 12.00
# Visual Studio Version 17
VisualStudioVersion = 17.5.33516.290
MinimumVisualStudioVersion = 10.0.40219.1
Project("{FAE04EC0-301F-11D3-BF4B-00C04F79EFBC}") = "PryParcialBallesteros2", "PryParcialBallesteros2\PryParcialBallesteros2.csproj", "{82DEE673-5818-419D-940B-E536A9234F87}"
EndProject
Global
	GlobalSection(SolutionConfigurationPlatforms) = preSolution
		Debug|Any CPU = Debug|Any CPU
		Release|Any CPU = Release|Any CPU
	EndGlobalSection
	GlobalSection(ProjectConfigurationPlatforms) = postSolution
		{82DEE673-5818-419D-940B-E536A9234F87}.Debug|Any CPU.ActiveCfg = Debug|Any CPU
		{82DEE673-5818-419D-940B-E536A9234F87}.Debug|Any CPU.Build.0 = Debug|Any CPU
		{82DEE673-5818-419D-940B-E536A9234F87}.Release|Any CPU.ActiveCfg = Release|Any CPU
		{82DEE673-5818-419D-940B-E536A9234F87}.Release|Any CPU.Build.0 = Release|Any CPU
	EndGlobalSection
	GlobalSection(SolutionProperties) = preSolution
		HideSolutionNode = FALSE
	EndGlobalSection
	GlobalSection(ExtensibilityGlobals) = postSolution
		SolutionGuid = {0C368987-13BC-4A68-A910-ADF95428CB62}
	EndGlobalSection
EndGlobal
